// !$*UTF8*$!
{
	archiveVersion = 1;
	classes = {
	};
	objectVersion = 50;
	objects = {

/* Begin PBXBuildFile section */
		1A756F5012FFD8DD06C68B1E /* Pods_DummyEOS.framework in Frameworks */ = {isa = PBXBuildFile; fileRef = 2FAC52E65CB0F8C351F6ED77 /* Pods_DummyEOS.framework */; };
		630B0BCA22DF6AE200A92E6B /* AppDelegate.swift in Sources */ = {isa = PBXBuildFile; fileRef = 630B0BC922DF6AE200A92E6B /* AppDelegate.swift */; };
		630B0BCF22DF6AE200A92E6B /* Main.storyboard in Resources */ = {isa = PBXBuildFile; fileRef = 630B0BCD22DF6AE200A92E6B /* Main.storyboard */; };
		630B0BD122DF6AE300A92E6B /* Assets.xcassets in Resources */ = {isa = PBXBuildFile; fileRef = 630B0BD022DF6AE300A92E6B /* Assets.xcassets */; };
		630B0BD422DF6AE300A92E6B /* LaunchScreen.storyboard in Resources */ = {isa = PBXBuildFile; fileRef = 630B0BD222DF6AE300A92E6B /* LaunchScreen.storyboard */; };
		630B0BE422DF6D9100A92E6B /* EOSAccountViewModel.swift in Sources */ = {isa = PBXBuildFile; fileRef = 630B0BE322DF6D9100A92E6B /* EOSAccountViewModel.swift */; };
		630B0BE622DF6DA500A92E6B /* EOSAccountModel.swift in Sources */ = {isa = PBXBuildFile; fileRef = 630B0BE522DF6DA500A92E6B /* EOSAccountModel.swift */; };
		630B0BE822DF6DC200A92E6B /* EOSAccountController.swift in Sources */ = {isa = PBXBuildFile; fileRef = 630B0BE722DF6DC200A92E6B /* EOSAccountController.swift */; };
		630B0BEA22DF6DD200A92E6B /* ServiceLayer.swift in Sources */ = {isa = PBXBuildFile; fileRef = 630B0BE922DF6DD200A92E6B /* ServiceLayer.swift */; };
		630B0BEC22DF6DDE00A92E6B /* Constants.swift in Sources */ = {isa = PBXBuildFile; fileRef = 630B0BEB22DF6DDE00A92E6B /* Constants.swift */; };
		630B0BEE22DF7C7800A92E6B /* Enums.swift in Sources */ = {isa = PBXBuildFile; fileRef = 630B0BED22DF7C7800A92E6B /* Enums.swift */; };
		630B0BF122DF95A800A92E6B /* EOSAccountService.swift in Sources */ = {isa = PBXBuildFile; fileRef = 630B0BF022DF95A800A92E6B /* EOSAccountService.swift */; };
		630B0BF922DFB76300A92E6B /* EOSResourceUsageModel.swift in Sources */ = {isa = PBXBuildFile; fileRef = 630B0BF422DFB76300A92E6B /* EOSResourceUsageModel.swift */; };
		630B0BFD22DFBAC300A92E6B /* EOSBalance.swift in Sources */ = {isa = PBXBuildFile; fileRef = 630B0BFC22DFBAC300A92E6B /* EOSBalance.swift */; };
		630B0BFF22E0B3DE00A92E6B /* UtilFunctions.swift in Sources */ = {isa = PBXBuildFile; fileRef = 630B0BFE22E0B3DE00A92E6B /* UtilFunctions.swift */; };
		630B0C0222E0B69D00A92E6B /* ResourceCellView.xib in Resources */ = {isa = PBXBuildFile; fileRef = 630B0C0122E0B69D00A92E6B /* ResourceCellView.xib */; };
		630B0C0422E0C20A00A92E6B /* ResourceHeaderView.xib in Resources */ = {isa = PBXBuildFile; fileRef = 630B0C0322E0C20A00A92E6B /* ResourceHeaderView.xib */; };
		630B0C0622E0C57700A92E6B /* EOSAccountTableViewCell.swift in Sources */ = {isa = PBXBuildFile; fileRef = 630B0C0522E0C57700A92E6B /* EOSAccountTableViewCell.swift */; };
		630B0C0922E0CBB500A92E6B /* ResourceHeaderViewCell.swift in Sources */ = {isa = PBXBuildFile; fileRef = 630B0C0822E0CBB500A92E6B /* ResourceHeaderViewCell.swift */; };
		630B0C0B22E142FE00A92E6B /* Extensions.swift in Sources */ = {isa = PBXBuildFile; fileRef = 630B0C0A22E142FE00A92E6B /* Extensions.swift */; };
		630B0C1322E1592100A92E6B /* DummyEOSTests.swift in Sources */ = {isa = PBXBuildFile; fileRef = 630B0C1222E1592100A92E6B /* DummyEOSTests.swift */; };
/* End PBXBuildFile section */

/* Begin PBXContainerItemProxy section */
		630B0C1522E1592100A92E6B /* PBXContainerItemProxy */ = {
			isa = PBXContainerItemProxy;
			containerPortal = 630B0BBE22DF6AE200A92E6B /* Project object */;
			proxyType = 1;
			remoteGlobalIDString = 630B0BC522DF6AE200A92E6B;
			remoteInfo = DummyEOS;
		};
/* End PBXContainerItemProxy section */

/* Begin PBXFileReference section */
		2FAC52E65CB0F8C351F6ED77 /* Pods_DummyEOS.framework */ = {isa = PBXFileReference; explicitFileType = wrapper.framework; includeInIndex = 0; path = Pods_DummyEOS.framework; sourceTree = BUILT_PRODUCTS_DIR; };
		630B0BC622DF6AE200A92E6B /* DummyEOS.app */ = {isa = PBXFileReference; explicitFileType = wrapper.application; includeInIndex = 0; path = DummyEOS.app; sourceTree = BUILT_PRODUCTS_DIR; };
		630B0BC922DF6AE200A92E6B /* AppDelegate.swift */ = {isa = PBXFileReference; lastKnownFileType = sourcecode.swift; path = AppDelegate.swift; sourceTree = "<group>"; };
		630B0BCE22DF6AE200A92E6B /* Base */ = {isa = PBXFileReference; lastKnownFileType = file.storyboard; name = Base; path = Base.lproj/Main.storyboard; sourceTree = "<group>"; };
		630B0BD022DF6AE300A92E6B /* Assets.xcassets */ = {isa = PBXFileReference; lastKnownFileType = folder.assetcatalog; path = Assets.xcassets; sourceTree = "<group>"; };
		630B0BD322DF6AE300A92E6B /* Base */ = {isa = PBXFileReference; lastKnownFileType = file.storyboard; name = Base; path = Base.lproj/LaunchScreen.storyboard; sourceTree = "<group>"; };
		630B0BD522DF6AE300A92E6B /* Info.plist */ = {isa = PBXFileReference; lastKnownFileType = text.plist.xml; path = Info.plist; sourceTree = "<group>"; };
		630B0BE322DF6D9100A92E6B /* EOSAccountViewModel.swift */ = {isa = PBXFileReference; lastKnownFileType = sourcecode.swift; path = EOSAccountViewModel.swift; sourceTree = "<group>"; };
		630B0BE522DF6DA500A92E6B /* EOSAccountModel.swift */ = {isa = PBXFileReference; lastKnownFileType = sourcecode.swift; path = EOSAccountModel.swift; sourceTree = "<group>"; };
		630B0BE722DF6DC200A92E6B /* EOSAccountController.swift */ = {isa = PBXFileReference; lastKnownFileType = sourcecode.swift; path = EOSAccountController.swift; sourceTree = "<group>"; };
		630B0BE922DF6DD200A92E6B /* ServiceLayer.swift */ = {isa = PBXFileReference; lastKnownFileType = sourcecode.swift; path = ServiceLayer.swift; sourceTree = "<group>"; };
		630B0BEB22DF6DDE00A92E6B /* Constants.swift */ = {isa = PBXFileReference; lastKnownFileType = sourcecode.swift; path = Constants.swift; sourceTree = "<group>"; };
		630B0BED22DF7C7800A92E6B /* Enums.swift */ = {isa = PBXFileReference; lastKnownFileType = sourcecode.swift; path = Enums.swift; sourceTree = "<group>"; };
		630B0BF022DF95A800A92E6B /* EOSAccountService.swift */ = {isa = PBXFileReference; lastKnownFileType = sourcecode.swift; path = EOSAccountService.swift; sourceTree = "<group>"; };
		630B0BF422DFB76300A92E6B /* EOSResourceUsageModel.swift */ = {isa = PBXFileReference; fileEncoding = 4; lastKnownFileType = sourcecode.swift; path = EOSResourceUsageModel.swift; sourceTree = "<group>"; };
		630B0BFC22DFBAC300A92E6B /* EOSBalance.swift */ = {isa = PBXFileReference; fileEncoding = 4; lastKnownFileType = sourcecode.swift; path = EOSBalance.swift; sourceTree = "<group>"; };
		630B0BFE22E0B3DE00A92E6B /* UtilFunctions.swift */ = {isa = PBXFileReference; lastKnownFileType = sourcecode.swift; path = UtilFunctions.swift; sourceTree = "<group>"; };
		630B0C0122E0B69D00A92E6B /* ResourceCellView.xib */ = {isa = PBXFileReference; lastKnownFileType = file.xib; path = ResourceCellView.xib; sourceTree = "<group>"; };
		630B0C0322E0C20A00A92E6B /* ResourceHeaderView.xib */ = {isa = PBXFileReference; lastKnownFileType = file.xib; path = ResourceHeaderView.xib; sourceTree = "<group>"; };
		630B0C0522E0C57700A92E6B /* EOSAccountTableViewCell.swift */ = {isa = PBXFileReference; lastKnownFileType = sourcecode.swift; path = EOSAccountTableViewCell.swift; sourceTree = "<group>"; };
		630B0C0822E0CBB500A92E6B /* ResourceHeaderViewCell.swift */ = {isa = PBXFileReference; lastKnownFileType = sourcecode.swift; path = ResourceHeaderViewCell.swift; sourceTree = "<group>"; };
		630B0C0A22E142FE00A92E6B /* Extensions.swift */ = {isa = PBXFileReference; lastKnownFileType = sourcecode.swift; path = Extensions.swift; sourceTree = "<group>"; };
		630B0C1022E1592100A92E6B /* DummyEOSTests.xctest */ = {isa = PBXFileReference; explicitFileType = wrapper.cfbundle; includeInIndex = 0; path = DummyEOSTests.xctest; sourceTree = BUILT_PRODUCTS_DIR; };
		630B0C1222E1592100A92E6B /* DummyEOSTests.swift */ = {isa = PBXFileReference; lastKnownFileType = sourcecode.swift; path = DummyEOSTests.swift; sourceTree = "<group>"; };
		630B0C1422E1592100A92E6B /* Info.plist */ = {isa = PBXFileReference; lastKnownFileType = text.plist.xml; path = Info.plist; sourceTree = "<group>"; };
		B514886DB1C5296868CFAEC3 /* Pods-DummyEOS.release.xcconfig */ = {isa = PBXFileReference; includeInIndex = 1; lastKnownFileType = text.xcconfig; name = "Pods-DummyEOS.release.xcconfig"; path = "Pods/Target Support Files/Pods-DummyEOS/Pods-DummyEOS.release.xcconfig"; sourceTree = "<group>"; };
		EF8A6C6D1D894F817F50AD58 /* Pods-DummyEOS.debug.xcconfig */ = {isa = PBXFileReference; includeInIndex = 1; lastKnownFileType = text.xcconfig; name = "Pods-DummyEOS.debug.xcconfig"; path = "Pods/Target Support Files/Pods-DummyEOS/Pods-DummyEOS.debug.xcconfig"; sourceTree = "<group>"; };
/* End PBXFileReference section */

/* Begin PBXFrameworksBuildPhase section */
		630B0BC322DF6AE200A92E6B /* Frameworks */ = {
			isa = PBXFrameworksBuildPhase;
			buildActionMask = 2147483647;
			files = (
				1A756F5012FFD8DD06C68B1E /* Pods_DummyEOS.framework in Frameworks */,
			);
			runOnlyForDeploymentPostprocessing = 0;
		};
		630B0C0D22E1592100A92E6B /* Frameworks */ = {
			isa = PBXFrameworksBuildPhase;
			buildActionMask = 2147483647;
			files = (
			);
			runOnlyForDeploymentPostprocessing = 0;
		};
/* End PBXFrameworksBuildPhase section */

/* Begin PBXGroup section */
		630B0BBD22DF6AE200A92E6B = {
			isa = PBXGroup;
			children = (
				630B0BC822DF6AE200A92E6B /* DummyEOS */,
				630B0C1122E1592100A92E6B /* DummyEOSTests */,
				630B0BC722DF6AE200A92E6B /* Products */,
				665DD006C97FB38D02A413CE /* Pods */,
				8ECF31C4E97BA37C3B347974 /* Frameworks */,
			);
			sourceTree = "<group>";
		};
		630B0BC722DF6AE200A92E6B /* Products */ = {
			isa = PBXGroup;
			children = (
				630B0BC622DF6AE200A92E6B /* DummyEOS.app */,
				630B0C1022E1592100A92E6B /* DummyEOSTests.xctest */,
			);
			name = Products;
			sourceTree = "<group>";
		};
		630B0BC822DF6AE200A92E6B /* DummyEOS */ = {
			isa = PBXGroup;
			children = (
				630B0BDF22DF6C1000A92E6B /* Service */,
				630B0BDD22DF6BEA00A92E6B /* Modules */,
				630B0BDC22DF6BCF00A92E6B /* Utilities */,
				630B0BDB22DF6BBE00A92E6B /* Storyboards */,
				630B0BD022DF6AE300A92E6B /* Assets.xcassets */,
				630B0BD522DF6AE300A92E6B /* Info.plist */,
			);
			path = DummyEOS;
			sourceTree = "<group>";
		};
		630B0BDB22DF6BBE00A92E6B /* Storyboards */ = {
			isa = PBXGroup;
			children = (
				630B0BD222DF6AE300A92E6B /* LaunchScreen.storyboard */,
				630B0BCD22DF6AE200A92E6B /* Main.storyboard */,
			);
			path = Storyboards;
			sourceTree = "<group>";
		};
		630B0BDC22DF6BCF00A92E6B /* Utilities */ = {
			isa = PBXGroup;
			children = (
				630B0BC922DF6AE200A92E6B /* AppDelegate.swift */,
				630B0BEB22DF6DDE00A92E6B /* Constants.swift */,
				630B0BED22DF7C7800A92E6B /* Enums.swift */,
				630B0BFE22E0B3DE00A92E6B /* UtilFunctions.swift */,
				630B0C0A22E142FE00A92E6B /* Extensions.swift */,
			);
			path = Utilities;
			sourceTree = "<group>";
		};
		630B0BDD22DF6BEA00A92E6B /* Modules */ = {
			isa = PBXGroup;
			children = (
				630B0BDE22DF6BF400A92E6B /* EOSAccountDetail */,
			);
			path = Modules;
			sourceTree = "<group>";
		};
		630B0BDE22DF6BF400A92E6B /* EOSAccountDetail */ = {
			isa = PBXGroup;
			children = (
				630B0C0022E0B66200A92E6B /* EOSAcccountViews */,
				630B0BEF22DF959600A92E6B /* EOSAccountService */,
				630B0BE222DF6D3B00A92E6B /* EOSAccountController */,
				630B0BE122DF6C5300A92E6B /* EOSAccountModel */,
				630B0BE022DF6C3200A92E6B /* EOSAccountViewModel */,
				630B0C0722E0C57D00A92E6B /* EOSAccountCell */,
			);
			path = EOSAccountDetail;
			sourceTree = "<group>";
		};
		630B0BDF22DF6C1000A92E6B /* Service */ = {
			isa = PBXGroup;
			children = (
				630B0BE922DF6DD200A92E6B /* ServiceLayer.swift */,
			);
			path = Service;
			sourceTree = "<group>";
		};
		630B0BE022DF6C3200A92E6B /* EOSAccountViewModel */ = {
			isa = PBXGroup;
			children = (
				630B0BE322DF6D9100A92E6B /* EOSAccountViewModel.swift */,
			);
			path = EOSAccountViewModel;
			sourceTree = "<group>";
		};
		630B0BE122DF6C5300A92E6B /* EOSAccountModel */ = {
			isa = PBXGroup;
			children = (
				630B0BFC22DFBAC300A92E6B /* EOSBalance.swift */,
				630B0BF422DFB76300A92E6B /* EOSResourceUsageModel.swift */,
				630B0BE522DF6DA500A92E6B /* EOSAccountModel.swift */,
			);
			path = EOSAccountModel;
			sourceTree = "<group>";
		};
		630B0BE222DF6D3B00A92E6B /* EOSAccountController */ = {
			isa = PBXGroup;
			children = (
				630B0BE722DF6DC200A92E6B /* EOSAccountController.swift */,
			);
			path = EOSAccountController;
			sourceTree = "<group>";
		};
		630B0BEF22DF959600A92E6B /* EOSAccountService */ = {
			isa = PBXGroup;
			children = (
				630B0BF022DF95A800A92E6B /* EOSAccountService.swift */,
			);
			path = EOSAccountService;
			sourceTree = "<group>";
		};
		630B0C0022E0B66200A92E6B /* EOSAcccountViews */ = {
			isa = PBXGroup;
			children = (
				630B0C0122E0B69D00A92E6B /* ResourceCellView.xib */,
				630B0C0322E0C20A00A92E6B /* ResourceHeaderView.xib */,
			);
			path = EOSAcccountViews;
			sourceTree = "<group>";
		};
		630B0C0722E0C57D00A92E6B /* EOSAccountCell */ = {
			isa = PBXGroup;
			children = (
				630B0C0522E0C57700A92E6B /* EOSAccountTableViewCell.swift */,
				630B0C0822E0CBB500A92E6B /* ResourceHeaderViewCell.swift */,
			);
			path = EOSAccountCell;
			sourceTree = "<group>";
		};
		630B0C1122E1592100A92E6B /* DummyEOSTests */ = {
			isa = PBXGroup;
			children = (
				630B0C1222E1592100A92E6B /* DummyEOSTests.swift */,
				630B0C1422E1592100A92E6B /* Info.plist */,
			);
			path = DummyEOSTests;
			sourceTree = "<group>";
		};
		665DD006C97FB38D02A413CE /* Pods */ = {
			isa = PBXGroup;
			children = (
				EF8A6C6D1D894F817F50AD58 /* Pods-DummyEOS.debug.xcconfig */,
				B514886DB1C5296868CFAEC3 /* Pods-DummyEOS.release.xcconfig */,
			);
			name = Pods;
			sourceTree = "<group>";
		};
		8ECF31C4E97BA37C3B347974 /* Frameworks */ = {
			isa = PBXGroup;
			children = (
				2FAC52E65CB0F8C351F6ED77 /* Pods_DummyEOS.framework */,
			);
			name = Frameworks;
			sourceTree = "<group>";
		};
/* End PBXGroup section */

/* Begin PBXNativeTarget section */
		630B0BC522DF6AE200A92E6B /* DummyEOS */ = {
			isa = PBXNativeTarget;
			buildConfigurationList = 630B0BD822DF6AE300A92E6B /* Build configuration list for PBXNativeTarget "DummyEOS" */;
			buildPhases = (
				8FE6869438A76CA1058D82BF /* [CP] Check Pods Manifest.lock */,
				630B0BC222DF6AE200A92E6B /* Sources */,
				630B0BC322DF6AE200A92E6B /* Frameworks */,
				630B0BC422DF6AE200A92E6B /* Resources */,
				3F9FDCB21BD8D75FE822F6CE /* [CP] Embed Pods Frameworks */,
			);
			buildRules = (
			);
			dependencies = (
			);
			name = DummyEOS;
			productName = DummyEOS;
			productReference = 630B0BC622DF6AE200A92E6B /* DummyEOS.app */;
			productType = "com.apple.product-type.application";
		};
		630B0C0F22E1592100A92E6B /* DummyEOSTests */ = {
			isa = PBXNativeTarget;
			buildConfigurationList = 630B0C1722E1592100A92E6B /* Build configuration list for PBXNativeTarget "DummyEOSTests" */;
			buildPhases = (
				630B0C0C22E1592100A92E6B /* Sources */,
				630B0C0D22E1592100A92E6B /* Frameworks */,
				630B0C0E22E1592100A92E6B /* Resources */,
			);
			buildRules = (
			);
			dependencies = (
				630B0C1622E1592100A92E6B /* PBXTargetDependency */,
			);
			name = DummyEOSTests;
			productName = DummyEOSTests;
			productReference = 630B0C1022E1592100A92E6B /* DummyEOSTests.xctest */;
			productType = "com.apple.product-type.bundle.unit-test";
		};
/* End PBXNativeTarget section */

/* Begin PBXProject section */
		630B0BBE22DF6AE200A92E6B /* Project object */ = {
			isa = PBXProject;
			attributes = {
				LastSwiftUpdateCheck = 1020;
				LastUpgradeCheck = 1020;
				ORGANIZATIONNAME = "Hamza Khan";
				TargetAttributes = {
					630B0BC522DF6AE200A92E6B = {
						CreatedOnToolsVersion = 10.2.1;
					};
					630B0C0F22E1592100A92E6B = {
						CreatedOnToolsVersion = 10.2.1;
						TestTargetID = 630B0BC522DF6AE200A92E6B;
					};
				};
			};
			buildConfigurationList = 630B0BC122DF6AE200A92E6B /* Build configuration list for PBXProject "DummyEOS" */;
			compatibilityVersion = "Xcode 9.3";
			developmentRegion = en;
			hasScannedForEncodings = 0;
			knownRegions = (
				en,
				Base,
			);
			mainGroup = 630B0BBD22DF6AE200A92E6B;
			productRefGroup = 630B0BC722DF6AE200A92E6B /* Products */;
			projectDirPath = "";
			projectRoot = "";
			targets = (
				630B0BC522DF6AE200A92E6B /* DummyEOS */,
				630B0C0F22E1592100A92E6B /* DummyEOSTests */,
			);
		};
/* End PBXProject section */

/* Begin PBXResourcesBuildPhase section */
		630B0BC422DF6AE200A92E6B /* Resources */ = {
			isa = PBXResourcesBuildPhase;
			buildActionMask = 2147483647;
			files = (
				630B0C0222E0B69D00A92E6B /* ResourceCellView.xib in Resources */,
				630B0BD422DF6AE300A92E6B /* LaunchScreen.storyboard in Resources */,
				630B0C0422E0C20A00A92E6B /* ResourceHeaderView.xib in Resources */,
				630B0BD122DF6AE300A92E6B /* Assets.xcassets in Resources */,
				630B0BCF22DF6AE200A92E6B /* Main.storyboard in Resources */,
			);
			runOnlyForDeploymentPostprocessing = 0;
		};
		630B0C0E22E1592100A92E6B /* Resources */ = {
			isa = PBXResourcesBuildPhase;
			buildActionMask = 2147483647;
			files = (
			);
			runOnlyForDeploymentPostprocessing = 0;
		};
/* End PBXResourcesBuildPhase section */

/* Begin PBXShellScriptBuildPhase section */
		3F9FDCB21BD8D75FE822F6CE /* [CP] Embed Pods Frameworks */ = {
			isa = PBXShellScriptBuildPhase;
			buildActionMask = 2147483647;
			files = (
			);
			inputFileListPaths = (
			);
			inputPaths = (
				"${SRCROOT}/Pods/Target Support Files/Pods-DummyEOS/Pods-DummyEOS-frameworks.sh",
				"${BUILT_PRODUCTS_DIR}/JGProgressHUD/JGProgressHUD.framework",
				"${BUILT_PRODUCTS_DIR}/SwiftyJSON/SwiftyJSON.framework",
			);
			name = "[CP] Embed Pods Frameworks";
			outputFileListPaths = (
			);
			outputPaths = (
				"${TARGET_BUILD_DIR}/${FRAMEWORKS_FOLDER_PATH}/JGProgressHUD.framework",
				"${TARGET_BUILD_DIR}/${FRAMEWORKS_FOLDER_PATH}/SwiftyJSON.framework",
			);
			runOnlyForDeploymentPostprocessing = 0;
			shellPath = /bin/sh;
			shellScript = "\"${SRCROOT}/Pods/Target Support Files/Pods-DummyEOS/Pods-DummyEOS-frameworks.sh\"\n";
			showEnvVarsInLog = 0;
		};
		8FE6869438A76CA1058D82BF /* [CP] Check Pods Manifest.lock */ = {
			isa = PBXShellScriptBuildPhase;
			buildActionMask = 2147483647;
			files = (
			);
			inputFileListPaths = (
			);
			inputPaths = (
				"${PODS_PODFILE_DIR_PATH}/Podfile.lock",
				"${PODS_ROOT}/Manifest.lock",
			);
			name = "[CP] Check Pods Manifest.lock";
			outputFileListPaths = (
			);
			outputPaths = (
				"$(DERIVED_FILE_DIR)/Pods-DummyEOS-checkManifestLockResult.txt",
			);
			runOnlyForDeploymentPostprocessing = 0;
			shellPath = /bin/sh;
			shellScript = "diff \"${PODS_PODFILE_DIR_PATH}/Podfile.lock\" \"${PODS_ROOT}/Manifest.lock\" > /dev/null\nif [ $? != 0 ] ; then\n    # print error to STDERR\n    echo \"error: The sandbox is not in sync with the Podfile.lock. Run 'pod install' or update your CocoaPods installation.\" >&2\n    exit 1\nfi\n# This output is used by Xcode 'outputs' to avoid re-running this script phase.\necho \"SUCCESS\" > \"${SCRIPT_OUTPUT_FILE_0}\"\n";
			showEnvVarsInLog = 0;
		};
/* End PBXShellScriptBuildPhase section */

/* Begin PBXSourcesBuildPhase section */
		630B0BC222DF6AE200A92E6B /* Sources */ = {
			isa = PBXSourcesBuildPhase;
			buildActionMask = 2147483647;
			files = (
				630B0BE422DF6D9100A92E6B /* EOSAccountViewModel.swift in Sources */,
				630B0BEA22DF6DD200A92E6B /* ServiceLayer.swift in Sources */,
				630B0BE822DF6DC200A92E6B /* EOSAccountController.swift in Sources */,
				630B0BCA22DF6AE200A92E6B /* AppDelegate.swift in Sources */,
				630B0BFD22DFBAC300A92E6B /* EOSBalance.swift in Sources */,
				630B0BEE22DF7C7800A92E6B /* Enums.swift in Sources */,
				630B0BE622DF6DA500A92E6B /* EOSAccountModel.swift in Sources */,
				630B0BFF22E0B3DE00A92E6B /* UtilFunctions.swift in Sources */,
				630B0C0922E0CBB500A92E6B /* ResourceHeaderViewCell.swift in Sources */,
				630B0BEC22DF6DDE00A92E6B /* Constants.swift in Sources */,
				630B0BF922DFB76300A92E6B /* EOSResourceUsageModel.swift in Sources */,
				630B0BF122DF95A800A92E6B /* EOSAccountService.swift in Sources */,
				630B0C0622E0C57700A92E6B /* EOSAccountTableViewCell.swift in Sources */,
				630B0C0B22E142FE00A92E6B /* Extensions.swift in Sources */,
			);
			runOnlyForDeploymentPostprocessing = 0;
		};
		630B0C0C22E1592100A92E6B /* Sources */ = {
			isa = PBXSourcesBuildPhase;
			buildActionMask = 2147483647;
			files = (
				630B0C1322E1592100A92E6B /* DummyEOSTests.swift in Sources */,
			);
			runOnlyForDeploymentPostprocessing = 0;
		};
/* End PBXSourcesBuildPhase section */

/* Begin PBXTargetDependency section */
		630B0C1622E1592100A92E6B /* PBXTargetDependency */ = {
			isa = PBXTargetDependency;
			target = 630B0BC522DF6AE200A92E6B /* DummyEOS */;
			targetProxy = 630B0C1522E1592100A92E6B /* PBXContainerItemProxy */;
		};
/* End PBXTargetDependency section */

/* Begin PBXVariantGroup section */
		630B0BCD22DF6AE200A92E6B /* Main.storyboard */ = {
			isa = PBXVariantGroup;
			children = (
				630B0BCE22DF6AE200A92E6B /* Base */,
			);
			name = Main.storyboard;
			sourceTree = "<group>";
		};
		630B0BD222DF6AE300A92E6B /* LaunchScreen.storyboard */ = {
			isa = PBXVariantGroup;
			children = (
				630B0BD322DF6AE300A92E6B /* Base */,
			);
			name = LaunchScreen.storyboard;
			sourceTree = "<group>";
		};
/* End PBXVariantGroup section */

/* Begin XCBuildConfiguration section */
		630B0BD622DF6AE300A92E6B /* Debug */ = {
			isa = XCBuildConfiguration;
			buildSettings = {
				ALWAYS_SEARCH_USER_PATHS = NO;
				CLANG_ANALYZER_NONNULL = YES;
				CLANG_ANALYZER_NUMBER_OBJECT_CONVERSION = YES_AGGRESSIVE;
				CLANG_CXX_LANGUAGE_STANDARD = "gnu++14";
				CLANG_CXX_LIBRARY = "libc++";
				CLANG_ENABLE_MODULES = YES;
				CLANG_ENABLE_OBJC_ARC = YES;
				CLANG_ENABLE_OBJC_WEAK = YES;
				CLANG_WARN_BLOCK_CAPTURE_AUTORELEASING = YES;
				CLANG_WARN_BOOL_CONVERSION = YES;
				CLANG_WARN_COMMA = YES;
				CLANG_WARN_CONSTANT_CONVERSION = YES;
				CLANG_WARN_DEPRECATED_OBJC_IMPLEMENTATIONS = YES;
				CLANG_WARN_DIRECT_OBJC_ISA_USAGE = YES_ERROR;
				CLANG_WARN_DOCUMENTATION_COMMENTS = YES;
				CLANG_WARN_EMPTY_BODY = YES;
				CLANG_WARN_ENUM_CONVERSION = YES;
				CLANG_WARN_INFINITE_RECURSION = YES;
				CLANG_WARN_INT_CONVERSION = YES;
				CLANG_WARN_NON_LITERAL_NULL_CONVERSION = YES;
				CLANG_WARN_OBJC_IMPLICIT_RETAIN_SELF = YES;
				CLANG_WARN_OBJC_LITERAL_CONVERSION = YES;
				CLANG_WARN_OBJC_ROOT_CLASS = YES_ERROR;
				CLANG_WARN_RANGE_LOOP_ANALYSIS = YES;
				CLANG_WARN_STRICT_PROTOTYPES = YES;
				CLANG_WARN_SUSPICIOUS_MOVE = YES;
				CLANG_WARN_UNGUARDED_AVAILABILITY = YES_AGGRESSIVE;
				CLANG_WARN_UNREACHABLE_CODE = YES;
				CLANG_WARN__DUPLICATE_METHOD_MATCH = YES;
				CODE_SIGN_IDENTITY = "iPhone Developer";
				COPY_PHASE_STRIP = NO;
				DEBUG_INFORMATION_FORMAT = dwarf;
				ENABLE_STRICT_OBJC_MSGSEND = YES;
				ENABLE_TESTABILITY = YES;
				GCC_C_LANGUAGE_STANDARD = gnu11;
				GCC_DYNAMIC_NO_PIC = NO;
				GCC_NO_COMMON_BLOCKS = YES;
				GCC_OPTIMIZATION_LEVEL = 0;
				GCC_PREPROCESSOR_DEFINITIONS = (
					"DEBUG=1",
					"$(inherited)",
				);
				GCC_WARN_64_TO_32_BIT_CONVERSION = YES;
				GCC_WARN_ABOUT_RETURN_TYPE = YES_ERROR;
				GCC_WARN_UNDECLARED_SELECTOR = YES;
				GCC_WARN_UNINITIALIZED_AUTOS = YES_AGGRESSIVE;
				GCC_WARN_UNUSED_FUNCTION = YES;
				GCC_WARN_UNUSED_VARIABLE = YES;
				IPHONEOS_DEPLOYMENT_TARGET = 12.2;
				MTL_ENABLE_DEBUG_INFO = INCLUDE_SOURCE;
				MTL_FAST_MATH = YES;
				ONLY_ACTIVE_ARCH = YES;
				SDKROOT = iphoneos;
				SWIFT_ACTIVE_COMPILATION_CONDITIONS = DEBUG;
				SWIFT_OPTIMIZATION_LEVEL = "-Onone";
			};
			name = Debug;
		};
		630B0BD722DF6AE300A92E6B /* Release */ = {
			isa = XCBuildConfiguration;
			buildSettings = {
				ALWAYS_SEARCH_USER_PATHS = NO;
				CLANG_ANALYZER_NONNULL = YES;
				CLANG_ANALYZER_NUMBER_OBJECT_CONVERSION = YES_AGGRESSIVE;
				CLANG_CXX_LANGUAGE_STANDARD = "gnu++14";
				CLANG_CXX_LIBRARY = "libc++";
				CLANG_ENABLE_MODULES = YES;
				CLANG_ENABLE_OBJC_ARC = YES;
				CLANG_ENABLE_OBJC_WEAK = YES;
				CLANG_WARN_BLOCK_CAPTURE_AUTORELEASING = YES;
				CLANG_WARN_BOOL_CONVERSION = YES;
				CLANG_WARN_COMMA = YES;
				CLANG_WARN_CONSTANT_CONVERSION = YES;
				CLANG_WARN_DEPRECATED_OBJC_IMPLEMENTATIONS = YES;
				CLANG_WARN_DIRECT_OBJC_ISA_USAGE = YES_ERROR;
				CLANG_WARN_DOCUMENTATION_COMMENTS = YES;
				CLANG_WARN_EMPTY_BODY = YES;
				CLANG_WARN_ENUM_CONVERSION = YES;
				CLANG_WARN_INFINITE_RECURSION = YES;
				CLANG_WARN_INT_CONVERSION = YES;
				CLANG_WARN_NON_LITERAL_NULL_CONVERSION = YES;
				CLANG_WARN_OBJC_IMPLICIT_RETAIN_SELF = YES;
				CLANG_WARN_OBJC_LITERAL_CONVERSION = YES;
				CLANG_WARN_OBJC_ROOT_CLASS = YES_ERROR;
				CLANG_WARN_RANGE_LOOP_ANALYSIS = YES;
				CLANG_WARN_STRICT_PROTOTYPES = YES;
				CLANG_WARN_SUSPICIOUS_MOVE = YES;
				CLANG_WARN_UNGUARDED_AVAILABILITY = YES_AGGRESSIVE;
				CLANG_WARN_UNREACHABLE_CODE = YES;
				CLANG_WARN__DUPLICATE_METHOD_MATCH = YES;
				CODE_SIGN_IDENTITY = "iPhone Developer";
				COPY_PHASE_STRIP = NO;
				DEBUG_INFORMATION_FORMAT = "dwarf-with-dsym";
				ENABLE_NS_ASSERTIONS = NO;
				ENABLE_STRICT_OBJC_MSGSEND = YES;
				GCC_C_LANGUAGE_STANDARD = gnu11;
				GCC_NO_COMMON_BLOCKS = YES;
				GCC_WARN_64_TO_32_BIT_CONVERSION = YES;
				GCC_WARN_ABOUT_RETURN_TYPE = YES_ERROR;
				GCC_WARN_UNDECLARED_SELECTOR = YES;
				GCC_WARN_UNINITIALIZED_AUTOS = YES_AGGRESSIVE;
				GCC_WARN_UNUSED_FUNCTION = YES;
				GCC_WARN_UNUSED_VARIABLE = YES;
				IPHONEOS_DEPLOYMENT_TARGET = 12.2;
				MTL_ENABLE_DEBUG_INFO = NO;
				MTL_FAST_MATH = YES;
				SDKROOT = iphoneos;
				SWIFT_COMPILATION_MODE = wholemodule;
				SWIFT_OPTIMIZATION_LEVEL = "-O";
				VALIDATE_PRODUCT = YES;
			};
			name = Release;
		};
		630B0BD922DF6AE300A92E6B /* Debug */ = {
			isa = XCBuildConfiguration;
			baseConfigurationReference = EF8A6C6D1D894F817F50AD58 /* Pods-DummyEOS.debug.xcconfig */;
			buildSettings = {
				ASSETCATALOG_COMPILER_APPICON_NAME = AppIcon;
				CODE_SIGN_STYLE = Automatic;
				DEVELOPMENT_TEAM = 586FF64QYM;
				INFOPLIST_FILE = DummyEOS/Info.plist;
				IPHONEOS_DEPLOYMENT_TARGET = 12.1;
				LD_RUNPATH_SEARCH_PATHS = (
					"$(inherited)",
					"@executable_path/Frameworks",
				);
				PRODUCT_BUNDLE_IDENTIFIER = com.roche.DummyEOS;
				PRODUCT_NAME = "$(TARGET_NAME)";
				SWIFT_VERSION = 4.2;
				TARGETED_DEVICE_FAMILY = "1,2";
			};
			name = Debug;
		};
		630B0BDA22DF6AE300A92E6B /* Release */ = {
			isa = XCBuildConfiguration;
			baseConfigurationReference = B514886DB1C5296868CFAEC3 /* Pods-DummyEOS.release.xcconfig */;
			buildSettings = {
				ASSETCATALOG_COMPILER_APPICON_NAME = AppIcon;
				CODE_SIGN_STYLE = Automatic;
				DEVELOPMENT_TEAM = 586FF64QYM;
				INFOPLIST_FILE = DummyEOS/Info.plist;
				IPHONEOS_DEPLOYMENT_TARGET = 12.1;
				LD_RUNPATH_SEARCH_PATHS = (
					"$(inherited)",
					"@executable_path/Frameworks",
				);
				PRODUCT_BUNDLE_IDENTIFIER = com.roche.DummyEOS;
				PRODUCT_NAME = "$(TARGET_NAME)";
				SWIFT_VERSION = 4.2;
				TARGETED_DEVICE_FAMILY = "1,2";
			};
			name = Release;
		};
		630B0C1822E1592100A92E6B /* Debug */ = {
			isa = XCBuildConfiguration;
			buildSettings = {
				BUNDLE_LOADER = "$(TEST_HOST)";
				CODE_SIGN_STYLE = Automatic;
				INFOPLIST_FILE = DummyEOSTests/Info.plist;
				LD_RUNPATH_SEARCH_PATHS = (
					"$(inherited)",
					"@executable_path/Frameworks",
					"@loader_path/Frameworks",
				);
				PRODUCT_BUNDLE_IDENTIFIER = com.roche.DummyEOSTests;
				PRODUCT_NAME = "$(TARGET_NAME)";
				SWIFT_VERSION = 5.0;
				TARGETED_DEVICE_FAMILY = "1,2";
				TEST_HOST = "$(BUILT_PRODUCTS_DIR)/DummyEOS.app/DummyEOS";
			};
			name = Debug;
		};
		630B0C1922E1592100A92E6B /* Release */ = {
			isa = XCBuildConfiguration;
			buildSettings = {
				BUNDLE_LOADER = "$(TEST_HOST)";
				CODE_SIGN_STYLE = Automatic;
				INFOPLIST_FILE = DummyEOSTests/Info.plist;
				LD_RUNPATH_SEARCH_PATHS = (
					"$(inherited)",
					"@executable_path/Frameworks",
					"@loader_path/Frameworks",
				);
				PRODUCT_BUNDLE_IDENTIFIER = com.roche.DummyEOSTests;
				PRODUCT_NAME = "$(TARGET_NAME)";
				SWIFT_VERSION = 5.0;
				TARGETED_DEVICE_FAMILY = "1,2";
				TEST_HOST = "$(BUILT_PRODUCTS_DIR)/DummyEOS.app/DummyEOS";
			};
			name = Release;
		};
/* End XCBuildConfiguration section */

/* Begin XCConfigurationList section */
		630B0BC122DF6AE200A92E6B /* Build configuration list for PBXProject "DummyEOS" */ = {
			isa = XCConfigurationList;
			buildConfigurations = (
				630B0BD622DF6AE300A92E6B /* Debug */,
				630B0BD722DF6AE300A92E6B /* Release */,
			);
			defaultConfigurationIsVisible = 0;
			defaultConfigurationName = Release;
		};
		630B0BD822DF6AE300A92E6B /* Build configuration list for PBXNativeTarget "DummyEOS" */ = {
			isa = XCConfigurationList;
			buildConfigurations = (
				630B0BD922DF6AE300A92E6B /* Debug */,
				630B0BDA22DF6AE300A92E6B /* Release */,
			);
			defaultConfigurationIsVisible = 0;
			defaultConfigurationName = Release;
		};
		630B0C1722E1592100A92E6B /* Build configuration list for PBXNativeTarget "DummyEOSTests" */ = {
			isa = XCConfigurationList;
			buildConfigurations = (
				630B0C1822E1592100A92E6B /* Debug */,
				630B0C1922E1592100A92E6B /* Release */,
			);
			defaultConfigurationIsVisible = 0;
			defaultConfigurationName = Release;
		};
/* End XCConfigurationList section */
	};
	rootObject = 630B0BBE22DF6AE200A92E6B /* Project object */;
}
